
Microsoft Visual Studio Solution File, Format Version 12.00
# Visual Studio Version 16
VisualStudioVersion = 16.0.30114.105
MinimumVisualStudioVersion = 10.0.40219.1
Project("{FAE04EC0-301F-11D3-BF4B-00C04F79EFBC}") = "OrderProducts", "OrderProducts\OrderProducts.csproj", "{B9A5A362-7235-4283-9685-A4D5516F9AB8}"
EndProject
Global
	GlobalSection(SolutionConfigurationPlatforms) = preSolution
		Debug|Any CPU = Debug|Any CPU
		Release|Any CPU = Release|Any CPU
	EndGlobalSection
	GlobalSection(SolutionProperties) = preSolution
		HideSolutionNode = FALSE
	EndGlobalSection
	GlobalSection(ProjectConfigurationPlatforms) = postSolution
		{B9A5A362-7235-4283-9685-A4D5516F9AB8}.Debug|Any CPU.ActiveCfg = Debug|Any CPU
		{B9A5A362-7235-4283-9685-A4D5516F9AB8}.Debug|Any CPU.Build.0 = Debug|Any CPU
		{B9A5A362-7235-4283-9685-A4D5516F9AB8}.Release|Any CPU.ActiveCfg = Release|Any CPU
		{B9A5A362-7235-4283-9685-A4D5516F9AB8}.Release|Any CPU.Build.0 = Release|Any CPU
	EndGlobalSection
EndGlobal
